
Microsoft Visual Studio Solution File, Format Version 12.00
# Visual Studio 15
VisualStudioVersion = 15.0.27428.2043
MinimumVisualStudioVersion = 10.0.40219.1
Project("{FAE04EC0-301F-11D3-BF4B-00C04F79EFBC}") = "KR", "KR\KR.csproj", "{3E6FA62A-2EFC-4965-91A3-2E4A565EEC12}"
EndProject
Global
	GlobalSection(SolutionConfigurationPlatforms) = preSolution
		Debug|Any CPU = Debug|Any CPU
		Release|Any CPU = Release|Any CPU
	EndGlobalSection
	GlobalSection(ProjectConfigurationPlatforms) = postSolution
		{3E6FA62A-2EFC-4965-91A3-2E4A565EEC12}.Debug|Any CPU.ActiveCfg = Debug|Any CPU
		{3E6FA62A-2EFC-4965-91A3-2E4A565EEC12}.Debug|Any CPU.Build.0 = Debug|Any CPU
		{3E6FA62A-2EFC-4965-91A3-2E4A565EEC12}.Release|Any CPU.ActiveCfg = Release|Any CPU
		{3E6FA62A-2EFC-4965-91A3-2E4A565EEC12}.Release|Any CPU.Build.0 = Release|Any CPU
	EndGlobalSection
	GlobalSection(SolutionProperties) = preSolution
		HideSolutionNode = FALSE
	EndGlobalSection
	GlobalSection(ExtensibilityGlobals) = postSolution
		SolutionGuid = {12E73E25-17CB-46CA-8432-8B496770A796}
	EndGlobalSection
EndGlobal
